
Microsoft Visual Studio Solution File, Format Version 10.00
# Visual Studio 2008
Project("{8BC9CEB8-8B4A-11D0-8D11-00A0C91BC942}") = "wpscli_api", "wpscli_api\wpscli_api.vcproj", "{33F894E9-5410-40AD-83C5-42B9850A72AE}"
	ProjectSection(ProjectDependencies) = postProject
		{E09B6918-EA5D-4D8A-8489-704E2CABF1C9} = {E09B6918-EA5D-4D8A-8489-704E2CABF1C9}
		{72735A9A-1003-4CF0-A03E-2EF071A67EC3} = {72735A9A-1003-4CF0-A03E-2EF071A67EC3}
	EndProjectSection
EndProject
Project("{8BC9CEB8-8B4A-11D0-8D11-00A0C91BC942}") = "wpscli_wps_core", "wpscli_wps_core\wpscli_wps_core.vcproj", "{E09B6918-EA5D-4D8A-8489-704E2CABF1C9}"
EndProject
Project("{8BC9CEB8-8B4A-11D0-8D11-00A0C91BC942}") = "bcmcrypto", "bcmcrypto\bcmcrypto.vcproj", "{2AD2CC20-FDA1-41F8-9770-39123AB3BFEB}"
EndProject
Project("{8BC9CEB8-8B4A-11D0-8D11-00A0C91BC942}") = "wpscli_osl_lib", "wpscli_osl_lib\wpscli_osl_lib.vcproj", "{72735A9A-1003-4CF0-A03E-2EF071A67EC3}"
EndProject
Project("{8BC9CEB8-8B4A-11D0-8D11-00A0C91BC942}") = "wpscli_test_cmd", "wpscli_test_cmd\wpscli_test_cmd.vcproj", "{604063BC-6DA2-4104-9B31-459B51F74510}"
	ProjectSection(ProjectDependencies) = postProject
		{33F894E9-5410-40AD-83C5-42B9850A72AE} = {33F894E9-5410-40AD-83C5-42B9850A72AE}
	EndProjectSection
EndProject
Global
	GlobalSection(SolutionConfigurationPlatforms) = preSolution
		Debug|STANDARDSDK_500 (ARMV4I) = Debug|STANDARDSDK_500 (ARMV4I)
		Debug|STANDARDSDK_500 (MIPSII) = Debug|STANDARDSDK_500 (MIPSII)
		Debug|STANDARDSDK_500 (MIPSII_FP) = Debug|STANDARDSDK_500 (MIPSII_FP)
		Debug|STANDARDSDK_500 (MIPSIV) = Debug|STANDARDSDK_500 (MIPSIV)
		Debug|STANDARDSDK_500 (MIPSIV_FP) = Debug|STANDARDSDK_500 (MIPSIV_FP)
		Debug|STANDARDSDK_500 (SH4) = Debug|STANDARDSDK_500 (SH4)
		Debug|STANDARDSDK_500 (x86) = Debug|STANDARDSDK_500 (x86)
		Debug|Windows Mobile 6 Professional SDK (ARMV4I) = Debug|Windows Mobile 6 Professional SDK (ARMV4I)
		Release|STANDARDSDK_500 (ARMV4I) = Release|STANDARDSDK_500 (ARMV4I)
		Release|STANDARDSDK_500 (MIPSII) = Release|STANDARDSDK_500 (MIPSII)
		Release|STANDARDSDK_500 (MIPSII_FP) = Release|STANDARDSDK_500 (MIPSII_FP)
		Release|STANDARDSDK_500 (MIPSIV) = Release|STANDARDSDK_500 (MIPSIV)
		Release|STANDARDSDK_500 (MIPSIV_FP) = Release|STANDARDSDK_500 (MIPSIV_FP)
		Release|STANDARDSDK_500 (SH4) = Release|STANDARDSDK_500 (SH4)
		Release|STANDARDSDK_500 (x86) = Release|STANDARDSDK_500 (x86)
		Release|Windows Mobile 6 Professional SDK (ARMV4I) = Release|Windows Mobile 6 Professional SDK (ARMV4I)
	EndGlobalSection
	GlobalSection(ProjectConfigurationPlatforms) = postSolution
		{33F894E9-5410-40AD-83C5-42B9850A72AE}.Debug|STANDARDSDK_500 (ARMV4I).ActiveCfg = Debug|STANDARDSDK_500 (ARMV4I)
		{33F894E9-5410-40AD-83C5-42B9850A72AE}.Debug|STANDARDSDK_500 (ARMV4I).Build.0 = Debug|STANDARDSDK_500 (ARMV4I)
		{33F894E9-5410-40AD-83C5-42B9850A72AE}.Debug|STANDARDSDK_500 (ARMV4I).Deploy.0 = Debug|STANDARDSDK_500 (ARMV4I)
		{33F894E9-5410-40AD-83C5-42B9850A72AE}.Debug|STANDARDSDK_500 (MIPSII).ActiveCfg = Debug|STANDARDSDK_500 (ARMV4I)
		{33F894E9-5410-40AD-83C5-42B9850A72AE}.Debug|STANDARDSDK_500 (MIPSII_FP).ActiveCfg = Debug|STANDARDSDK_500 (ARMV4I)
		{33F894E9-5410-40AD-83C5-42B9850A72AE}.Debug|STANDARDSDK_500 (MIPSIV).ActiveCfg = Debug|STANDARDSDK_500 (ARMV4I)
		{33F894E9-5410-40AD-83C5-42B9850A72AE}.Debug|STANDARDSDK_500 (MIPSIV_FP).ActiveCfg = Debug|STANDARDSDK_500 (ARMV4I)
		{33F894E9-5410-40AD-83C5-42B9850A72AE}.Debug|STANDARDSDK_500 (SH4).ActiveCfg = Debug|STANDARDSDK_500 (ARMV4I)
		{33F894E9-5410-40AD-83C5-42B9850A72AE}.Debug|STANDARDSDK_500 (x86).ActiveCfg = Debug|STANDARDSDK_500 (ARMV4I)
		{33F894E9-5410-40AD-83C5-42B9850A72AE}.Debug|Windows Mobile 6 Professional SDK (ARMV4I).ActiveCfg = Debug|Windows Mobile 6 Professional SDK (ARMV4I)
		{33F894E9-5410-40AD-83C5-42B9850A72AE}.Debug|Windows Mobile 6 Professional SDK (ARMV4I).Build.0 = Debug|Windows Mobile 6 Professional SDK (ARMV4I)
		{33F894E9-5410-40AD-83C5-42B9850A72AE}.Debug|Windows Mobile 6 Professional SDK (ARMV4I).Deploy.0 = Debug|Windows Mobile 6 Professional SDK (ARMV4I)
		{33F894E9-5410-40AD-83C5-42B9850A72AE}.Release|STANDARDSDK_500 (ARMV4I).ActiveCfg = Release|STANDARDSDK_500 (ARMV4I)
		{33F894E9-5410-40AD-83C5-42B9850A72AE}.Release|STANDARDSDK_500 (ARMV4I).Build.0 = Release|STANDARDSDK_500 (ARMV4I)
		{33F894E9-5410-40AD-83C5-42B9850A72AE}.Release|STANDARDSDK_500 (ARMV4I).Deploy.0 = Release|STANDARDSDK_500 (ARMV4I)
		{33F894E9-5410-40AD-83C5-42B9850A72AE}.Release|STANDARDSDK_500 (MIPSII).ActiveCfg = Release|STANDARDSDK_500 (ARMV4I)
		{33F894E9-5410-40AD-83C5-42B9850A72AE}.Release|STANDARDSDK_500 (MIPSII_FP).ActiveCfg = Release|STANDARDSDK_500 (ARMV4I)
		{33F894E9-5410-40AD-83C5-42B9850A72AE}.Release|STANDARDSDK_500 (MIPSIV).ActiveCfg = Release|STANDARDSDK_500 (ARMV4I)
		{33F894E9-5410-40AD-83C5-42B9850A72AE}.Release|STANDARDSDK_500 (MIPSIV_FP).ActiveCfg = Release|STANDARDSDK_500 (ARMV4I)
		{33F894E9-5410-40AD-83C5-42B9850A72AE}.Release|STANDARDSDK_500 (SH4).ActiveCfg = Release|STANDARDSDK_500 (ARMV4I)
		{33F894E9-5410-40AD-83C5-42B9850A72AE}.Release|STANDARDSDK_500 (x86).ActiveCfg = Release|STANDARDSDK_500 (ARMV4I)
		{33F894E9-5410-40AD-83C5-42B9850A72AE}.Release|Windows Mobile 6 Professional SDK (ARMV4I).ActiveCfg = Release|Windows Mobile 6 Professional SDK (ARMV4I)
		{33F894E9-5410-40AD-83C5-42B9850A72AE}.Release|Windows Mobile 6 Professional SDK (ARMV4I).Build.0 = Release|Windows Mobile 6 Professional SDK (ARMV4I)
		{33F894E9-5410-40AD-83C5-42B9850A72AE}.Release|Windows Mobile 6 Professional SDK (ARMV4I).Deploy.0 = Release|Windows Mobile 6 Professional SDK (ARMV4I)
		{E09B6918-EA5D-4D8A-8489-704E2CABF1C9}.Debug|STANDARDSDK_500 (ARMV4I).ActiveCfg = Debug|STANDARDSDK_500 (ARMV4I)
		{E09B6918-EA5D-4D8A-8489-704E2CABF1C9}.Debug|STANDARDSDK_500 (ARMV4I).Build.0 = Debug|STANDARDSDK_500 (ARMV4I)
		{E09B6918-EA5D-4D8A-8489-704E2CABF1C9}.Debug|STANDARDSDK_500 (ARMV4I).Deploy.0 = Debug|STANDARDSDK_500 (ARMV4I)
		{E09B6918-EA5D-4D8A-8489-704E2CABF1C9}.Debug|STANDARDSDK_500 (MIPSII).ActiveCfg = Debug|STANDARDSDK_500 (ARMV4I)
		{E09B6918-EA5D-4D8A-8489-704E2CABF1C9}.Debug|STANDARDSDK_500 (MIPSII_FP).ActiveCfg = Debug|STANDARDSDK_500 (ARMV4I)
		{E09B6918-EA5D-4D8A-8489-704E2CABF1C9}.Debug|STANDARDSDK_500 (MIPSIV).ActiveCfg = Debug|STANDARDSDK_500 (ARMV4I)
		{E09B6918-EA5D-4D8A-8489-704E2CABF1C9}.Debug|STANDARDSDK_500 (MIPSIV_FP).ActiveCfg = Debug|STANDARDSDK_500 (ARMV4I)
		{E09B6918-EA5D-4D8A-8489-704E2CABF1C9}.Debug|STANDARDSDK_500 (SH4).ActiveCfg = Debug|STANDARDSDK_500 (ARMV4I)
		{E09B6918-EA5D-4D8A-8489-704E2CABF1C9}.Debug|STANDARDSDK_500 (x86).ActiveCfg = Debug|STANDARDSDK_500 (ARMV4I)
		{E09B6918-EA5D-4D8A-8489-704E2CABF1C9}.Debug|Windows Mobile 6 Professional SDK (ARMV4I).ActiveCfg = Debug|Windows Mobile 6 Professional SDK (ARMV4I)
		{E09B6918-EA5D-4D8A-8489-704E2CABF1C9}.Debug|Windows Mobile 6 Professional SDK (ARMV4I).Build.0 = Debug|Windows Mobile 6 Professional SDK (ARMV4I)
		{E09B6918-EA5D-4D8A-8489-704E2CABF1C9}.Debug|Windows Mobile 6 Professional SDK (ARMV4I).Deploy.0 = Debug|Windows Mobile 6 Professional SDK (ARMV4I)
		{E09B6918-EA5D-4D8A-8489-704E2CABF1C9}.Release|STANDARDSDK_500 (ARMV4I).ActiveCfg = Release|STANDARDSDK_500 (ARMV4I)
		{E09B6918-EA5D-4D8A-8489-704E2CABF1C9}.Release|STANDARDSDK_500 (ARMV4I).Build.0 = Release|STANDARDSDK_500 (ARMV4I)
		{E09B6918-EA5D-4D8A-8489-704E2CABF1C9}.Release|STANDARDSDK_500 (ARMV4I).Deploy.0 = Release|STANDARDSDK_500 (ARMV4I)
		{E09B6918-EA5D-4D8A-8489-704E2CABF1C9}.Release|STANDARDSDK_500 (MIPSII).ActiveCfg = Release|STANDARDSDK_500 (ARMV4I)
		{E09B6918-EA5D-4D8A-8489-704E2CABF1C9}.Release|STANDARDSDK_500 (MIPSII_FP).ActiveCfg = Release|STANDARDSDK_500 (ARMV4I)
		{E09B6918-EA5D-4D8A-8489-704E2CABF1C9}.Release|STANDARDSDK_500 (MIPSIV).ActiveCfg = Release|STANDARDSDK_500 (ARMV4I)
		{E09B6918-EA5D-4D8A-8489-704E2CABF1C9}.Release|STANDARDSDK_500 (MIPSIV_FP).ActiveCfg = Release|STANDARDSDK_500 (ARMV4I)
		{E09B6918-EA5D-4D8A-8489-704E2CABF1C9}.Release|STANDARDSDK_500 (SH4).ActiveCfg = Release|STANDARDSDK_500 (ARMV4I)
		{E09B6918-EA5D-4D8A-8489-704E2CABF1C9}.Release|STANDARDSDK_500 (x86).ActiveCfg = Release|STANDARDSDK_500 (ARMV4I)
		{E09B6918-EA5D-4D8A-8489-704E2CABF1C9}.Release|Windows Mobile 6 Professional SDK (ARMV4I).ActiveCfg = Release|Windows Mobile 6 Professional SDK (ARMV4I)
		{E09B6918-EA5D-4D8A-8489-704E2CABF1C9}.Release|Windows Mobile 6 Professional SDK (ARMV4I).Build.0 = Release|Windows Mobile 6 Professional SDK (ARMV4I)
		{E09B6918-EA5D-4D8A-8489-704E2CABF1C9}.Release|Windows Mobile 6 Professional SDK (ARMV4I).Deploy.0 = Release|Windows Mobile 6 Professional SDK (ARMV4I)
		{2AD2CC20-FDA1-41F8-9770-39123AB3BFEB}.Debug|STANDARDSDK_500 (ARMV4I).ActiveCfg = Debug|STANDARDSDK_500 (ARMV4I)
		{2AD2CC20-FDA1-41F8-9770-39123AB3BFEB}.Debug|STANDARDSDK_500 (ARMV4I).Build.0 = Debug|STANDARDSDK_500 (ARMV4I)
		{2AD2CC20-FDA1-41F8-9770-39123AB3BFEB}.Debug|STANDARDSDK_500 (ARMV4I).Deploy.0 = Debug|STANDARDSDK_500 (ARMV4I)
		{2AD2CC20-FDA1-41F8-9770-39123AB3BFEB}.Debug|STANDARDSDK_500 (MIPSII).ActiveCfg = Debug|STANDARDSDK_500 (MIPSII)
		{2AD2CC20-FDA1-41F8-9770-39123AB3BFEB}.Debug|STANDARDSDK_500 (MIPSII).Build.0 = Debug|STANDARDSDK_500 (MIPSII)
		{2AD2CC20-FDA1-41F8-9770-39123AB3BFEB}.Debug|STANDARDSDK_500 (MIPSII).Deploy.0 = Debug|STANDARDSDK_500 (MIPSII)
		{2AD2CC20-FDA1-41F8-9770-39123AB3BFEB}.Debug|STANDARDSDK_500 (MIPSII_FP).ActiveCfg = Debug|STANDARDSDK_500 (MIPSII_FP)
		{2AD2CC20-FDA1-41F8-9770-39123AB3BFEB}.Debug|STANDARDSDK_500 (MIPSII_FP).Build.0 = Debug|STANDARDSDK_500 (MIPSII_FP)
		{2AD2CC20-FDA1-41F8-9770-39123AB3BFEB}.Debug|STANDARDSDK_500 (MIPSII_FP).Deploy.0 = Debug|STANDARDSDK_500 (MIPSII_FP)
		{2AD2CC20-FDA1-41F8-9770-39123AB3BFEB}.Debug|STANDARDSDK_500 (MIPSIV).ActiveCfg = Debug|STANDARDSDK_500 (MIPSIV)
		{2AD2CC20-FDA1-41F8-9770-39123AB3BFEB}.Debug|STANDARDSDK_500 (MIPSIV).Build.0 = Debug|STANDARDSDK_500 (MIPSIV)
		{2AD2CC20-FDA1-41F8-9770-39123AB3BFEB}.Debug|STANDARDSDK_500 (MIPSIV).Deploy.0 = Debug|STANDARDSDK_500 (MIPSIV)
		{2AD2CC20-FDA1-41F8-9770-39123AB3BFEB}.Debug|STANDARDSDK_500 (MIPSIV_FP).ActiveCfg = Debug|STANDARDSDK_500 (MIPSIV_FP)
		{2AD2CC20-FDA1-41F8-9770-39123AB3BFEB}.Debug|STANDARDSDK_500 (MIPSIV_FP).Build.0 = Debug|STANDARDSDK_500 (MIPSIV_FP)
		{2AD2CC20-FDA1-41F8-9770-39123AB3BFEB}.Debug|STANDARDSDK_500 (MIPSIV_FP).Deploy.0 = Debug|STANDARDSDK_500 (MIPSIV_FP)
		{2AD2CC20-FDA1-41F8-9770-39123AB3BFEB}.Debug|STANDARDSDK_500 (SH4).ActiveCfg = Debug|STANDARDSDK_500 (SH4)
		{2AD2CC20-FDA1-41F8-9770-39123AB3BFEB}.Debug|STANDARDSDK_500 (SH4).Build.0 = Debug|STANDARDSDK_500 (SH4)
		{2AD2CC20-FDA1-41F8-9770-39123AB3BFEB}.Debug|STANDARDSDK_500 (SH4).Deploy.0 = Debug|STANDARDSDK_500 (SH4)
		{2AD2CC20-FDA1-41F8-9770-39123AB3BFEB}.Debug|STANDARDSDK_500 (x86).ActiveCfg = Debug|STANDARDSDK_500 (x86)
		{2AD2CC20-FDA1-41F8-9770-39123AB3BFEB}.Debug|STANDARDSDK_500 (x86).Build.0 = Debug|STANDARDSDK_500 (x86)
		{2AD2CC20-FDA1-41F8-9770-39123AB3BFEB}.Debug|STANDARDSDK_500 (x86).Deploy.0 = Debug|STANDARDSDK_500 (x86)
		{2AD2CC20-FDA1-41F8-9770-39123AB3BFEB}.Debug|Windows Mobile 6 Professional SDK (ARMV4I).ActiveCfg = Debug|STANDARDSDK_500 (MIPSIV_FP)
		{2AD2CC20-FDA1-41F8-9770-39123AB3BFEB}.Release|STANDARDSDK_500 (ARMV4I).ActiveCfg = Release|STANDARDSDK_500 (ARMV4I)
		{2AD2CC20-FDA1-41F8-9770-39123AB3BFEB}.Release|STANDARDSDK_500 (ARMV4I).Build.0 = Release|STANDARDSDK_500 (ARMV4I)
		{2AD2CC20-FDA1-41F8-9770-39123AB3BFEB}.Release|STANDARDSDK_500 (ARMV4I).Deploy.0 = Release|STANDARDSDK_500 (ARMV4I)
		{2AD2CC20-FDA1-41F8-9770-39123AB3BFEB}.Release|STANDARDSDK_500 (MIPSII).ActiveCfg = Release|STANDARDSDK_500 (MIPSII)
		{2AD2CC20-FDA1-41F8-9770-39123AB3BFEB}.Release|STANDARDSDK_500 (MIPSII).Build.0 = Release|STANDARDSDK_500 (MIPSII)
		{2AD2CC20-FDA1-41F8-9770-39123AB3BFEB}.Release|STANDARDSDK_500 (MIPSII).Deploy.0 = Release|STANDARDSDK_500 (MIPSII)
		{2AD2CC20-FDA1-41F8-9770-39123AB3BFEB}.Release|STANDARDSDK_500 (MIPSII_FP).ActiveCfg = Release|STANDARDSDK_500 (MIPSII_FP)
		{2AD2CC20-FDA1-41F8-9770-39123AB3BFEB}.Release|STANDARDSDK_500 (MIPSII_FP).Build.0 = Release|STANDARDSDK_500 (MIPSII_FP)
		{2AD2CC20-FDA1-41F8-9770-39123AB3BFEB}.Release|STANDARDSDK_500 (MIPSII_FP).Deploy.0 = Release|STANDARDSDK_500 (MIPSII_FP)
		{2AD2CC20-FDA1-41F8-9770-39123AB3BFEB}.Release|STANDARDSDK_500 (MIPSIV).ActiveCfg = Release|STANDARDSDK_500 (MIPSIV)
		{2AD2CC20-FDA1-41F8-9770-39123AB3BFEB}.Release|STANDARDSDK_500 (MIPSIV).Build.0 = Release|STANDARDSDK_500 (MIPSIV)
		{2AD2CC20-FDA1-41F8-9770-39123AB3BFEB}.Release|STANDARDSDK_500 (MIPSIV).Deploy.0 = Release|STANDARDSDK_500 (MIPSIV)
		{2AD2CC20-FDA1-41F8-9770-39123AB3BFEB}.Release|STANDARDSDK_500 (MIPSIV_FP).ActiveCfg = Release|STANDARDSDK_500 (MIPSIV_FP)
		{2AD2CC20-FDA1-41F8-9770-39123AB3BFEB}.Release|STANDARDSDK_500 (MIPSIV_FP).Build.0 = Release|STANDARDSDK_500 (MIPSIV_FP)
		{2AD2CC20-FDA1-41F8-9770-39123AB3BFEB}.Release|STANDARDSDK_500 (MIPSIV_FP).Deploy.0 = Release|STANDARDSDK_500 (MIPSIV_FP)
		{2AD2CC20-FDA1-41F8-9770-39123AB3BFEB}.Release|STANDARDSDK_500 (SH4).ActiveCfg = Release|STANDARDSDK_500 (SH4)
		{2AD2CC20-FDA1-41F8-9770-39123AB3BFEB}.Release|STANDARDSDK_500 (SH4).Build.0 = Release|STANDARDSDK_500 (SH4)
		{2AD2CC20-FDA1-41F8-9770-39123AB3BFEB}.Release|STANDARDSDK_500 (SH4).Deploy.0 = Release|STANDARDSDK_500 (SH4)
		{2AD2CC20-FDA1-41F8-9770-39123AB3BFEB}.Release|STANDARDSDK_500 (x86).ActiveCfg = Release|STANDARDSDK_500 (x86)
		{2AD2CC20-FDA1-41F8-9770-39123AB3BFEB}.Release|STANDARDSDK_500 (x86).Build.0 = Release|STANDARDSDK_500 (x86)
		{2AD2CC20-FDA1-41F8-9770-39123AB3BFEB}.Release|STANDARDSDK_500 (x86).Deploy.0 = Release|STANDARDSDK_500 (x86)
		{2AD2CC20-FDA1-41F8-9770-39123AB3BFEB}.Release|Windows Mobile 6 Professional SDK (ARMV4I).ActiveCfg = Release|STANDARDSDK_500 (MIPSIV_FP)
		{72735A9A-1003-4CF0-A03E-2EF071A67EC3}.Debug|STANDARDSDK_500 (ARMV4I).ActiveCfg = Debug|STANDARDSDK_500 (ARMV4I)
		{72735A9A-1003-4CF0-A03E-2EF071A67EC3}.Debug|STANDARDSDK_500 (ARMV4I).Build.0 = Debug|STANDARDSDK_500 (ARMV4I)
		{72735A9A-1003-4CF0-A03E-2EF071A67EC3}.Debug|STANDARDSDK_500 (ARMV4I).Deploy.0 = Debug|STANDARDSDK_500 (ARMV4I)
		{72735A9A-1003-4CF0-A03E-2EF071A67EC3}.Debug|STANDARDSDK_500 (MIPSII).ActiveCfg = Debug|STANDARDSDK_500 (ARMV4I)
		{72735A9A-1003-4CF0-A03E-2EF071A67EC3}.Debug|STANDARDSDK_500 (MIPSII_FP).ActiveCfg = Debug|STANDARDSDK_500 (ARMV4I)
		{72735A9A-1003-4CF0-A03E-2EF071A67EC3}.Debug|STANDARDSDK_500 (MIPSIV).ActiveCfg = Debug|STANDARDSDK_500 (ARMV4I)
		{72735A9A-1003-4CF0-A03E-2EF071A67EC3}.Debug|STANDARDSDK_500 (MIPSIV_FP).ActiveCfg = Debug|STANDARDSDK_500 (ARMV4I)
		{72735A9A-1003-4CF0-A03E-2EF071A67EC3}.Debug|STANDARDSDK_500 (SH4).ActiveCfg = Debug|STANDARDSDK_500 (ARMV4I)
		{72735A9A-1003-4CF0-A03E-2EF071A67EC3}.Debug|STANDARDSDK_500 (x86).ActiveCfg = Debug|STANDARDSDK_500 (ARMV4I)
		{72735A9A-1003-4CF0-A03E-2EF071A67EC3}.Debug|Windows Mobile 6 Professional SDK (ARMV4I).ActiveCfg = Debug|Windows Mobile 6 Professional SDK (ARMV4I)
		{72735A9A-1003-4CF0-A03E-2EF071A67EC3}.Debug|Windows Mobile 6 Professional SDK (ARMV4I).Build.0 = Debug|Windows Mobile 6 Professional SDK (ARMV4I)
		{72735A9A-1003-4CF0-A03E-2EF071A67EC3}.Debug|Windows Mobile 6 Professional SDK (ARMV4I).Deploy.0 = Debug|Windows Mobile 6 Professional SDK (ARMV4I)
		{72735A9A-1003-4CF0-A03E-2EF071A67EC3}.Release|STANDARDSDK_500 (ARMV4I).ActiveCfg = Release|STANDARDSDK_500 (ARMV4I)
		{72735A9A-1003-4CF0-A03E-2EF071A67EC3}.Release|STANDARDSDK_500 (ARMV4I).Build.0 = Release|STANDARDSDK_500 (ARMV4I)
		{72735A9A-1003-4CF0-A03E-2EF071A67EC3}.Release|STANDARDSDK_500 (ARMV4I).Deploy.0 = Release|STANDARDSDK_500 (ARMV4I)
		{72735A9A-1003-4CF0-A03E-2EF071A67EC3}.Release|STANDARDSDK_500 (MIPSII).ActiveCfg = Release|STANDARDSDK_500 (ARMV4I)
		{72735A9A-1003-4CF0-A03E-2EF071A67EC3}.Release|STANDARDSDK_500 (MIPSII_FP).ActiveCfg = Release|STANDARDSDK_500 (ARMV4I)
		{72735A9A-1003-4CF0-A03E-2EF071A67EC3}.Release|STANDARDSDK_500 (MIPSIV).ActiveCfg = Release|STANDARDSDK_500 (ARMV4I)
		{72735A9A-1003-4CF0-A03E-2EF071A67EC3}.Release|STANDARDSDK_500 (MIPSIV_FP).ActiveCfg = Release|STANDARDSDK_500 (ARMV4I)
		{72735A9A-1003-4CF0-A03E-2EF071A67EC3}.Release|STANDARDSDK_500 (SH4).ActiveCfg = Release|STANDARDSDK_500 (ARMV4I)
		{72735A9A-1003-4CF0-A03E-2EF071A67EC3}.Release|STANDARDSDK_500 (x86).ActiveCfg = Release|STANDARDSDK_500 (ARMV4I)
		{72735A9A-1003-4CF0-A03E-2EF071A67EC3}.Release|Windows Mobile 6 Professional SDK (ARMV4I).ActiveCfg = Release|Windows Mobile 6 Professional SDK (ARMV4I)
		{72735A9A-1003-4CF0-A03E-2EF071A67EC3}.Release|Windows Mobile 6 Professional SDK (ARMV4I).Build.0 = Release|Windows Mobile 6 Professional SDK (ARMV4I)
		{72735A9A-1003-4CF0-A03E-2EF071A67EC3}.Release|Windows Mobile 6 Professional SDK (ARMV4I).Deploy.0 = Release|Windows Mobile 6 Professional SDK (ARMV4I)
		{604063BC-6DA2-4104-9B31-459B51F74510}.Debug|STANDARDSDK_500 (ARMV4I).ActiveCfg = Debug|STANDARDSDK_500 (ARMV4I)
		{604063BC-6DA2-4104-9B31-459B51F74510}.Debug|STANDARDSDK_500 (ARMV4I).Build.0 = Debug|STANDARDSDK_500 (ARMV4I)
		{604063BC-6DA2-4104-9B31-459B51F74510}.Debug|STANDARDSDK_500 (ARMV4I).Deploy.0 = Debug|STANDARDSDK_500 (ARMV4I)
		{604063BC-6DA2-4104-9B31-459B51F74510}.Debug|STANDARDSDK_500 (MIPSII).ActiveCfg = Debug|STANDARDSDK_500 (MIPSII)
		{604063BC-6DA2-4104-9B31-459B51F74510}.Debug|STANDARDSDK_500 (MIPSII).Build.0 = Debug|STANDARDSDK_500 (MIPSII)
		{604063BC-6DA2-4104-9B31-459B51F74510}.Debug|STANDARDSDK_500 (MIPSII).Deploy.0 = Debug|STANDARDSDK_500 (MIPSII)
		{604063BC-6DA2-4104-9B31-459B51F74510}.Debug|STANDARDSDK_500 (MIPSII_FP).ActiveCfg = Debug|STANDARDSDK_500 (MIPSII_FP)
		{604063BC-6DA2-4104-9B31-459B51F74510}.Debug|STANDARDSDK_500 (MIPSII_FP).Build.0 = Debug|STANDARDSDK_500 (MIPSII_FP)
		{604063BC-6DA2-4104-9B31-459B51F74510}.Debug|STANDARDSDK_500 (MIPSII_FP).Deploy.0 = Debug|STANDARDSDK_500 (MIPSII_FP)
		{604063BC-6DA2-4104-9B31-459B51F74510}.Debug|STANDARDSDK_500 (MIPSIV).ActiveCfg = Debug|STANDARDSDK_500 (MIPSIV)
		{604063BC-6DA2-4104-9B31-459B51F74510}.Debug|STANDARDSDK_500 (MIPSIV).Build.0 = Debug|STANDARDSDK_500 (MIPSIV)
		{604063BC-6DA2-4104-9B31-459B51F74510}.Debug|STANDARDSDK_500 (MIPSIV).Deploy.0 = Debug|STANDARDSDK_500 (MIPSIV)
		{604063BC-6DA2-4104-9B31-459B51F74510}.Debug|STANDARDSDK_500 (MIPSIV_FP).ActiveCfg = Debug|STANDARDSDK_500 (MIPSIV_FP)
		{604063BC-6DA2-4104-9B31-459B51F74510}.Debug|STANDARDSDK_500 (MIPSIV_FP).Build.0 = Debug|STANDARDSDK_500 (MIPSIV_FP)
		{604063BC-6DA2-4104-9B31-459B51F74510}.Debug|STANDARDSDK_500 (MIPSIV_FP).Deploy.0 = Debug|STANDARDSDK_500 (MIPSIV_FP)
		{604063BC-6DA2-4104-9B31-459B51F74510}.Debug|STANDARDSDK_500 (SH4).ActiveCfg = Debug|STANDARDSDK_500 (SH4)
		{604063BC-6DA2-4104-9B31-459B51F74510}.Debug|STANDARDSDK_500 (SH4).Build.0 = Debug|STANDARDSDK_500 (SH4)
		{604063BC-6DA2-4104-9B31-459B51F74510}.Debug|STANDARDSDK_500 (SH4).Deploy.0 = Debug|STANDARDSDK_500 (SH4)
		{604063BC-6DA2-4104-9B31-459B51F74510}.Debug|STANDARDSDK_500 (x86).ActiveCfg = Debug|STANDARDSDK_500 (x86)
		{604063BC-6DA2-4104-9B31-459B51F74510}.Debug|STANDARDSDK_500 (x86).Build.0 = Debug|STANDARDSDK_500 (x86)
		{604063BC-6DA2-4104-9B31-459B51F74510}.Debug|STANDARDSDK_500 (x86).Deploy.0 = Debug|STANDARDSDK_500 (x86)
		{604063BC-6DA2-4104-9B31-459B51F74510}.Debug|Windows Mobile 6 Professional SDK (ARMV4I).ActiveCfg = Debug|STANDARDSDK_500 (MIPSIV_FP)
		{604063BC-6DA2-4104-9B31-459B51F74510}.Release|STANDARDSDK_500 (ARMV4I).ActiveCfg = Release|STANDARDSDK_500 (ARMV4I)
		{604063BC-6DA2-4104-9B31-459B51F74510}.Release|STANDARDSDK_500 (ARMV4I).Build.0 = Release|STANDARDSDK_500 (ARMV4I)
		{604063BC-6DA2-4104-9B31-459B51F74510}.Release|STANDARDSDK_500 (ARMV4I).Deploy.0 = Release|STANDARDSDK_500 (ARMV4I)
		{604063BC-6DA2-4104-9B31-459B51F74510}.Release|STANDARDSDK_500 (MIPSII).ActiveCfg = Release|STANDARDSDK_500 (MIPSII)
		{604063BC-6DA2-4104-9B31-459B51F74510}.Release|STANDARDSDK_500 (MIPSII).Build.0 = Release|STANDARDSDK_500 (MIPSII)
		{604063BC-6DA2-4104-9B31-459B51F74510}.Release|STANDARDSDK_500 (MIPSII).Deploy.0 = Release|STANDARDSDK_500 (MIPSII)
		{604063BC-6DA2-4104-9B31-459B51F74510}.Release|STANDARDSDK_500 (MIPSII_FP).ActiveCfg = Release|STANDARDSDK_500 (MIPSII_FP)
		{604063BC-6DA2-4104-9B31-459B51F74510}.Release|STANDARDSDK_500 (MIPSII_FP).Build.0 = Release|STANDARDSDK_500 (MIPSII_FP)
		{604063BC-6DA2-4104-9B31-459B51F74510}.Release|STANDARDSDK_500 (MIPSII_FP).Deploy.0 = Release|STANDARDSDK_500 (MIPSII_FP)
		{604063BC-6DA2-4104-9B31-459B51F74510}.Release|STANDARDSDK_500 (MIPSIV).ActiveCfg = Release|STANDARDSDK_500 (MIPSIV)
		{604063BC-6DA2-4104-9B31-459B51F74510}.Release|STANDARDSDK_500 (MIPSIV).Build.0 = Release|STANDARDSDK_500 (MIPSIV)
		{604063BC-6DA2-4104-9B31-459B51F74510}.Release|STANDARDSDK_500 (MIPSIV).Deploy.0 = Release|STANDARDSDK_500 (MIPSIV)
		{604063BC-6DA2-4104-9B31-459B51F74510}.Release|STANDARDSDK_500 (MIPSIV_FP).ActiveCfg = Release|STANDARDSDK_500 (MIPSIV_FP)
		{604063BC-6DA2-4104-9B31-459B51F74510}.Release|STANDARDSDK_500 (MIPSIV_FP).Build.0 = Release|STANDARDSDK_500 (MIPSIV_FP)
		{604063BC-6DA2-4104-9B31-459B51F74510}.Release|STANDARDSDK_500 (MIPSIV_FP).Deploy.0 = Release|STANDARDSDK_500 (MIPSIV_FP)
		{604063BC-6DA2-4104-9B31-459B51F74510}.Release|STANDARDSDK_500 (SH4).ActiveCfg = Release|STANDARDSDK_500 (SH4)
		{604063BC-6DA2-4104-9B31-459B51F74510}.Release|STANDARDSDK_500 (SH4).Build.0 = Release|STANDARDSDK_500 (SH4)
		{604063BC-6DA2-4104-9B31-459B51F74510}.Release|STANDARDSDK_500 (SH4).Deploy.0 = Release|STANDARDSDK_500 (SH4)
		{604063BC-6DA2-4104-9B31-459B51F74510}.Release|STANDARDSDK_500 (x86).ActiveCfg = Release|STANDARDSDK_500 (x86)
		{604063BC-6DA2-4104-9B31-459B51F74510}.Release|STANDARDSDK_500 (x86).Build.0 = Release|STANDARDSDK_500 (x86)
		{604063BC-6DA2-4104-9B31-459B51F74510}.Release|STANDARDSDK_500 (x86).Deploy.0 = Release|STANDARDSDK_500 (x86)
		{604063BC-6DA2-4104-9B31-459B51F74510}.Release|Windows Mobile 6 Professional SDK (ARMV4I).ActiveCfg = Release|STANDARDSDK_500 (MIPSIV_FP)
	EndGlobalSection
	GlobalSection(SolutionProperties) = preSolution
		HideSolutionNode = FALSE
	EndGlobalSection
EndGlobal
